// !$*UTF8*$!
{
	archiveVersion = 1;
	classes = {
	};
	objectVersion = 46;
	objects = {

/* Begin PBXBuildFile section */
		6ED8F1181EC2488000A4D3EA /* AppDelegate.swift in Sources */ = {isa = PBXBuildFile; fileRef = 6ED8F1171EC2488000A4D3EA /* AppDelegate.swift */; };
		6ED8F11A1EC2488000A4D3EA /* ViewController.swift in Sources */ = {isa = PBXBuildFile; fileRef = 6ED8F1191EC2488000A4D3EA /* ViewController.swift */; };
		6ED8F11D1EC2488000A4D3EA /* Main.storyboard in Resources */ = {isa = PBXBuildFile; fileRef = 6ED8F11B1EC2488000A4D3EA /* Main.storyboard */; };
		6ED8F11F1EC2488000A4D3EA /* Assets.xcassets in Resources */ = {isa = PBXBuildFile; fileRef = 6ED8F11E1EC2488000A4D3EA /* Assets.xcassets */; };
		6ED8F1221EC2488000A4D3EA /* LaunchScreen.storyboard in Resources */ = {isa = PBXBuildFile; fileRef = 6ED8F1201EC2488000A4D3EA /* LaunchScreen.storyboard */; };
		6ED8F12E1EC260BC00A4D3EA /* HeaderCollectionView.swift in Sources */ = {isa = PBXBuildFile; fileRef = 6ED8F12D1EC260BC00A4D3EA /* HeaderCollectionView.swift */; };
		6ED8F1301EC2632400A4D3EA /* ListCollectionViewCell.swift in Sources */ = {isa = PBXBuildFile; fileRef = 6ED8F12F1EC2632400A4D3EA /* ListCollectionViewCell.swift */; };
		6ED8F1381EC26BCF00A4D3EA /* FXBlurView.m in Sources */ = {isa = PBXBuildFile; fileRef = 6ED8F1371EC26BCF00A4D3EA /* FXBlurView.m */; };
		6ED8F13D1EC4DA8100A4D3EA /* AvatarImageView.swift in Sources */ = {isa = PBXBuildFile; fileRef = 6ED8F13C1EC4DA8100A4D3EA /* AvatarImageView.swift */; };
/* End PBXBuildFile section */

/* Begin PBXFileReference section */
		6ED8F1141EC2488000A4D3EA /* RecipesApp.app */ = {isa = PBXFileReference; explicitFileType = wrapper.application; includeInIndex = 0; path = RecipesApp.app; sourceTree = BUILT_PRODUCTS_DIR; };
		6ED8F1171EC2488000A4D3EA /* AppDelegate.swift */ = {isa = PBXFileReference; lastKnownFileType = sourcecode.swift; path = AppDelegate.swift; sourceTree = "<group>"; };
		6ED8F1191EC2488000A4D3EA /* ViewController.swift */ = {isa = PBXFileReference; lastKnownFileType = sourcecode.swift; path = ViewController.swift; sourceTree = "<group>"; };
		6ED8F11C1EC2488000A4D3EA /* Base */ = {isa = PBXFileReference; lastKnownFileType = file.storyboard; name = Base; path = Base.lproj/Main.storyboard; sourceTree = "<group>"; };
		6ED8F11E1EC2488000A4D3EA /* Assets.xcassets */ = {isa = PBXFileReference; lastKnownFileType = folder.assetcatalog; path = Assets.xcassets; sourceTree = "<group>"; };
		6ED8F1211EC2488000A4D3EA /* Base */ = {isa = PBXFileReference; lastKnownFileType = file.storyboard; name = Base; path = Base.lproj/LaunchScreen.storyboard; sourceTree = "<group>"; };
		6ED8F1231EC2488000A4D3EA /* Info.plist */ = {isa = PBXFileReference; lastKnownFileType = text.plist.xml; path = Info.plist; sourceTree = "<group>"; };
		6ED8F12D1EC260BC00A4D3EA /* HeaderCollectionView.swift */ = {isa = PBXFileReference; fileEncoding = 4; lastKnownFileType = sourcecode.swift; path = HeaderCollectionView.swift; sourceTree = "<group>"; };
		6ED8F12F1EC2632400A4D3EA /* ListCollectionViewCell.swift */ = {isa = PBXFileReference; fileEncoding = 4; lastKnownFileType = sourcecode.swift; path = ListCollectionViewCell.swift; sourceTree = "<group>"; };
		6ED8F1361EC26BCF00A4D3EA /* FXBlurView.h */ = {isa = PBXFileReference; fileEncoding = 4; lastKnownFileType = sourcecode.c.h; path = FXBlurView.h; sourceTree = "<group>"; };
		6ED8F1371EC26BCF00A4D3EA /* FXBlurView.m */ = {isa = PBXFileReference; fileEncoding = 4; lastKnownFileType = sourcecode.c.objc; path = FXBlurView.m; sourceTree = "<group>"; };
		6ED8F13B1EC26C5A00A4D3EA /* Header.h */ = {isa = PBXFileReference; fileEncoding = 4; lastKnownFileType = sourcecode.c.h; path = Header.h; sourceTree = "<group>"; };
		6ED8F13C1EC4DA8100A4D3EA /* AvatarImageView.swift */ = {isa = PBXFileReference; fileEncoding = 4; lastKnownFileType = sourcecode.swift; path = AvatarImageView.swift; sourceTree = "<group>"; };
/* End PBXFileReference section */

/* Begin PBXFrameworksBuildPhase section */
		6ED8F1111EC2488000A4D3EA /* Frameworks */ = {
			isa = PBXFrameworksBuildPhase;
			buildActionMask = 2147483647;
			files = (
			);
			runOnlyForDeploymentPostprocessing = 0;
		};
/* End PBXFrameworksBuildPhase section */

/* Begin PBXGroup section */
		6ED8F10B1EC2488000A4D3EA = {
			isa = PBXGroup;
			children = (
				6ED8F1161EC2488000A4D3EA /* RecipesApp */,
				6ED8F1151EC2488000A4D3EA /* Products */,
			);
			sourceTree = "<group>";
		};
		6ED8F1151EC2488000A4D3EA /* Products */ = {
			isa = PBXGroup;
			children = (
				6ED8F1141EC2488000A4D3EA /* RecipesApp.app */,
			);
			name = Products;
			sourceTree = "<group>";
		};
		6ED8F1161EC2488000A4D3EA /* RecipesApp */ = {
			isa = PBXGroup;
			children = (
				6ED8F1351EC26BCF00A4D3EA /* Helpers */,
				6ED8F1171EC2488000A4D3EA /* AppDelegate.swift */,
				6ED8F1191EC2488000A4D3EA /* ViewController.swift */,
				6ED8F12D1EC260BC00A4D3EA /* HeaderCollectionView.swift */,
				6ED8F12F1EC2632400A4D3EA /* ListCollectionViewCell.swift */,
				6ED8F11B1EC2488000A4D3EA /* Main.storyboard */,
				6ED8F11E1EC2488000A4D3EA /* Assets.xcassets */,
				6ED8F1201EC2488000A4D3EA /* LaunchScreen.storyboard */,
				6ED8F1231EC2488000A4D3EA /* Info.plist */,
				6ED8F13B1EC26C5A00A4D3EA /* Header.h */,
			);
			path = RecipesApp;
			sourceTree = "<group>";
		};
		6ED8F1351EC26BCF00A4D3EA /* Helpers */ = {
			isa = PBXGroup;
			children = (
				6ED8F1361EC26BCF00A4D3EA /* FXBlurView.h */,
				6ED8F1371EC26BCF00A4D3EA /* FXBlurView.m */,
				6ED8F13C1EC4DA8100A4D3EA /* AvatarImageView.swift */,
			);
			path = Helpers;
			sourceTree = "<group>";
		};
/* End PBXGroup section */

/* Begin PBXNativeTarget section */
		6ED8F1131EC2488000A4D3EA /* RecipesApp */ = {
			isa = PBXNativeTarget;
			buildConfigurationList = 6ED8F1261EC2488000A4D3EA /* Build configuration list for PBXNativeTarget "RecipesApp" */;
			buildPhases = (
				6ED8F1101EC2488000A4D3EA /* Sources */,
				6ED8F1111EC2488000A4D3EA /* Frameworks */,
				6ED8F1121EC2488000A4D3EA /* Resources */,
			);
			buildRules = (
			);
			dependencies = (
			);
			name = RecipesApp;
			productName = RecipesApp;
			productReference = 6ED8F1141EC2488000A4D3EA /* RecipesApp.app */;
			productType = "com.apple.product-type.application";
		};
/* End PBXNativeTarget section */

/* Begin PBXProject section */
		6ED8F10C1EC2488000A4D3EA /* Project object */ = {
			isa = PBXProject;
			attributes = {
				LastSwiftUpdateCheck = 0830;
				LastUpgradeCheck = 0830;
				ORGANIZATIONNAME = "Loverde Co";
				TargetAttributes = {
					6ED8F1131EC2488000A4D3EA = {
						CreatedOnToolsVersion = 8.3.2;
						DevelopmentTeam = K4E5BZMM4V;
						ProvisioningStyle = Automatic;
					};
				};
			};
			buildConfigurationList = 6ED8F10F1EC2488000A4D3EA /* Build configuration list for PBXProject "RecipesApp" */;
			compatibilityVersion = "Xcode 3.2";
			developmentRegion = English;
			hasScannedForEncodings = 0;
			knownRegions = (
				en,
				Base,
			);
			mainGroup = 6ED8F10B1EC2488000A4D3EA;
			productRefGroup = 6ED8F1151EC2488000A4D3EA /* Products */;
			projectDirPath = "";
			projectRoot = "";
			targets = (
				6ED8F1131EC2488000A4D3EA /* RecipesApp */,
			);
		};
/* End PBXProject section */

/* Begin PBXResourcesBuildPhase section */
		6ED8F1121EC2488000A4D3EA /* Resources */ = {
			isa = PBXResourcesBuildPhase;
			buildActionMask = 2147483647;
			files = (
				6ED8F1221EC2488000A4D3EA /* LaunchScreen.storyboard in Resources */,
				6ED8F11F1EC2488000A4D3EA /* Assets.xcassets in Resources */,
				6ED8F11D1EC2488000A4D3EA /* Main.storyboard in Resources */,
			);
			runOnlyForDeploymentPostprocessing = 0;
		};
/* End PBXResourcesBuildPhase section */

/* Begin PBXSourcesBuildPhase section */
		6ED8F1101EC2488000A4D3EA /* Sources */ = {
			isa = PBXSourcesBuildPhase;
			buildActionMask = 2147483647;
			files = (
				6ED8F11A1EC2488000A4D3EA /* ViewController.swift in Sources */,
				6ED8F12E1EC260BC00A4D3EA /* HeaderCollectionView.swift in Sources */,
				6ED8F1381EC26BCF00A4D3EA /* FXBlurView.m in Sources */,
				6ED8F13D1EC4DA8100A4D3EA /* AvatarImageView.swift in Sources */,
				6ED8F1301EC2632400A4D3EA /* ListCollectionViewCell.swift in Sources */,
				6ED8F1181EC2488000A4D3EA /* AppDelegate.swift in Sources */,
			);
			runOnlyForDeploymentPostprocessing = 0;
		};
/* End PBXSourcesBuildPhase section */

/* Begin PBXVariantGroup section */
		6ED8F11B1EC2488000A4D3EA /* Main.storyboard */ = {
			isa = PBXVariantGroup;
			children = (
				6ED8F11C1EC2488000A4D3EA /* Base */,
			);
			name = Main.storyboard;
			sourceTree = "<group>";
		};
		6ED8F1201EC2488000A4D3EA /* LaunchScreen.storyboard */ = {
			isa = PBXVariantGroup;
			children = (
				6ED8F1211EC2488000A4D3EA /* Base */,
			);
			name = LaunchScreen.storyboard;
			sourceTree = "<group>";
		};
/* End PBXVariantGroup section */

/* Begin XCBuildConfiguration section */
		6ED8F1241EC2488000A4D3EA /* Debug */ = {
			isa = XCBuildConfiguration;
			buildSettings = {
				ALWAYS_SEARCH_USER_PATHS = NO;
				CLANG_ANALYZER_NONNULL = YES;
				CLANG_ANALYZER_NUMBER_OBJECT_CONVERSION = YES_AGGRESSIVE;
				CLANG_CXX_LANGUAGE_STANDARD = "gnu++0x";
				CLANG_CXX_LIBRARY = "libc++";
				CLANG_ENABLE_MODULES = YES;
				CLANG_ENABLE_OBJC_ARC = YES;
				CLANG_WARN_BOOL_CONVERSION = YES;
				CLANG_WARN_CONSTANT_CONVERSION = YES;
				CLANG_WARN_DIRECT_OBJC_ISA_USAGE = YES_ERROR;
				CLANG_WARN_DOCUMENTATION_COMMENTS = YES;
				CLANG_WARN_EMPTY_BODY = YES;
				CLANG_WARN_ENUM_CONVERSION = YES;
				CLANG_WARN_INFINITE_RECURSION = YES;
				CLANG_WARN_INT_CONVERSION = YES;
				CLANG_WARN_OBJC_ROOT_CLASS = YES_ERROR;
				CLANG_WARN_SUSPICIOUS_MOVE = YES;
				CLANG_WARN_UNREACHABLE_CODE = YES;
				CLANG_WARN__DUPLICATE_METHOD_MATCH = YES;
				"CODE_SIGN_IDENTITY[sdk=iphoneos*]" = "iPhone Developer";
				COPY_PHASE_STRIP = NO;
				DEBUG_INFORMATION_FORMAT = dwarf;
				ENABLE_STRICT_OBJC_MSGSEND = YES;
				ENABLE_TESTABILITY = YES;
				GCC_C_LANGUAGE_STANDARD = gnu99;
				GCC_DYNAMIC_NO_PIC = NO;
				GCC_NO_COMMON_BLOCKS = YES;
				GCC_OPTIMIZATION_LEVEL = 0;
				GCC_PREPROCESSOR_DEFINITIONS = (
					"DEBUG=1",
					"$(inherited)",
				);
				GCC_WARN_64_TO_32_BIT_CONVERSION = YES;
				GCC_WARN_ABOUT_RETURN_TYPE = YES_ERROR;
				GCC_WARN_UNDECLARED_SELECTOR = YES;
				GCC_WARN_UNINITIALIZED_AUTOS = YES_AGGRESSIVE;
				GCC_WARN_UNUSED_FUNCTION = YES;
				GCC_WARN_UNUSED_VARIABLE = YES;
				IPHONEOS_DEPLOYMENT_TARGET = 10.3;
				MTL_ENABLE_DEBUG_INFO = YES;
				ONLY_ACTIVE_ARCH = YES;
				SDKROOT = iphoneos;
				SWIFT_ACTIVE_COMPILATION_CONDITIONS = DEBUG;
				SWIFT_OPTIMIZATION_LEVEL = "-Onone";
			};
			name = Debug;
		};
		6ED8F1251EC2488000A4D3EA /* Release */ = {
			isa = XCBuildConfiguration;
			buildSettings = {
				ALWAYS_SEARCH_USER_PATHS = NO;
				CLANG_ANALYZER_NONNULL = YES;
				CLANG_ANALYZER_NUMBER_OBJECT_CONVERSION = YES_AGGRESSIVE;
				CLANG_CXX_LANGUAGE_STANDARD = "gnu++0x";
				CLANG_CXX_LIBRARY = "libc++";
				CLANG_ENABLE_MODULES = YES;
				CLANG_ENABLE_OBJC_ARC = YES;
				CLANG_WARN_BOOL_CONVERSION = YES;
				CLANG_WARN_CONSTANT_CONVERSION = YES;
				CLANG_WARN_DIRECT_OBJC_ISA_USAGE = YES_ERROR;
				CLANG_WARN_DOCUMENTATION_COMMENTS = YES;
				CLANG_WARN_EMPTY_BODY = YES;
				CLANG_WARN_ENUM_CONVERSION = YES;
				CLANG_WARN_INFINITE_RECURSION = YES;
				CLANG_WARN_INT_CONVERSION = YES;
				CLANG_WARN_OBJC_ROOT_CLASS = YES_ERROR;
				CLANG_WARN_SUSPICIOUS_MOVE = YES;
				CLANG_WARN_UNREACHABLE_CODE = YES;
				CLANG_WARN__DUPLICATE_METHOD_MATCH = YES;
				"CODE_SIGN_IDENTITY[sdk=iphoneos*]" = "iPhone Developer";
				COPY_PHASE_STRIP = NO;
				DEBUG_INFORMATION_FORMAT = "dwarf-with-dsym";
				ENABLE_NS_ASSERTIONS = NO;
				ENABLE_STRICT_OBJC_MSGSEND = YES;
				GCC_C_LANGUAGE_STANDARD = gnu99;
				GCC_NO_COMMON_BLOCKS = YES;
				GCC_WARN_64_TO_32_BIT_CONVERSION = YES;
				GCC_WARN_ABOUT_RETURN_TYPE = YES_ERROR;
				GCC_WARN_UNDECLARED_SELECTOR = YES;
				GCC_WARN_UNINITIALIZED_AUTOS = YES_AGGRESSIVE;
				GCC_WARN_UNUSED_FUNCTION = YES;
				GCC_WARN_UNUSED_VARIABLE = YES;
				IPHONEOS_DEPLOYMENT_TARGET = 10.3;
				MTL_ENABLE_DEBUG_INFO = NO;
				SDKROOT = iphoneos;
				SWIFT_OPTIMIZATION_LEVEL = "-Owholemodule";
				VALIDATE_PRODUCT = YES;
			};
			name = Release;
		};
		6ED8F1271EC2488000A4D3EA /* Debug */ = {
			isa = XCBuildConfiguration;
			buildSettings = {
				ASSETCATALOG_COMPILER_APPICON_NAME = AppIcon;
				DEVELOPMENT_TEAM = K4E5BZMM4V;
				INFOPLIST_FILE = RecipesApp/Info.plist;
				LD_RUNPATH_SEARCH_PATHS = "$(inherited) @executable_path/Frameworks";
				PRODUCT_BUNDLE_IDENTIFIER = br.com.loverde.RecipesApp;
				PRODUCT_NAME = "$(TARGET_NAME)";
				SWIFT_OBJC_BRIDGING_HEADER = ./RecipesApp/Header.h;
				SWIFT_VERSION = 3.0;
			};
			name = Debug;
		};
		6ED8F1281EC2488000A4D3EA /* Release */ = {
			isa = XCBuildConfiguration;
			buildSettings = {
				ASSETCATALOG_COMPILER_APPICON_NAME = AppIcon;
				DEVELOPMENT_TEAM = K4E5BZMM4V;
				INFOPLIST_FILE = RecipesApp/Info.plist;
				LD_RUNPATH_SEARCH_PATHS = "$(inherited) @executable_path/Frameworks";
				PRODUCT_BUNDLE_IDENTIFIER = br.com.loverde.RecipesApp;
				PRODUCT_NAME = "$(TARGET_NAME)";
				SWIFT_OBJC_BRIDGING_HEADER = ./RecipesApp/Header.h;
				SWIFT_VERSION = 3.0;
			};
			name = Release;
		};
/* End XCBuildConfiguration section */

/* Begin XCConfigurationList section */
		6ED8F10F1EC2488000A4D3EA /* Build configuration list for PBXProject "RecipesApp" */ = {
			isa = XCConfigurationList;
			buildConfigurations = (
				6ED8F1241EC2488000A4D3EA /* Debug */,
				6ED8F1251EC2488000A4D3EA /* Release */,
			);
			defaultConfigurationIsVisible = 0;
			defaultConfigurationName = Release;
		};
		6ED8F1261EC2488000A4D3EA /* Build configuration list for PBXNativeTarget "RecipesApp" */ = {
			isa = XCConfigurationList;
			buildConfigurations = (
				6ED8F1271EC2488000A4D3EA /* Debug */,
				6ED8F1281EC2488000A4D3EA /* Release */,
			);
			defaultConfigurationIsVisible = 0;
		};
/* End XCConfigurationList section */
	};
	rootObject = 6ED8F10C1EC2488000A4D3EA /* Project object */;
}
